
Microsoft Visual Studio Solution File, Format Version 12.00
# Visual Studio Version 17
VisualStudioVersion = 17.5.002.0
MinimumVisualStudioVersion = 10.0.40219.1
Project("{9A19103F-16F7-4668-BE54-9A1E7A4F7556}") = "ex1", "ex1.csproj", "{D141118D-95C7-43B0-A101-B3B9F91FD55C}"
EndProject
Global
	GlobalSection(SolutionConfigurationPlatforms) = preSolution
		Debug|Any CPU = Debug|Any CPU
		Release|Any CPU = Release|Any CPU
	EndGlobalSection
	GlobalSection(ProjectConfigurationPlatforms) = postSolution
		{D141118D-95C7-43B0-A101-B3B9F91FD55C}.Debug|Any CPU.ActiveCfg = Debug|Any CPU
		{D141118D-95C7-43B0-A101-B3B9F91FD55C}.Debug|Any CPU.Build.0 = Debug|Any CPU
		{D141118D-95C7-43B0-A101-B3B9F91FD55C}.Release|Any CPU.ActiveCfg = Release|Any CPU
		{D141118D-95C7-43B0-A101-B3B9F91FD55C}.Release|Any CPU.Build.0 = Release|Any CPU
	EndGlobalSection
	GlobalSection(SolutionProperties) = preSolution
		HideSolutionNode = FALSE
	EndGlobalSection
	GlobalSection(ExtensibilityGlobals) = postSolution
		SolutionGuid = {63A4381A-A6B7-4C6F-A84F-8D625CD8DB19}
	EndGlobalSection
EndGlobal
